// !$*UTF8*$!
{
	archiveVersion = 1;
	classes = {
	};
	objectVersion = 51;
	objects = {

/* Begin PBXBuildFile section */
		1E05940422A0448F00ACAD9E /* GoogleService-Info.plist in Resources */ = {isa = PBXBuildFile; fileRef = 1E05940322A0448F00ACAD9E /* GoogleService-Info.plist */; };
		1E0777F422A8363D005ED261 /* TableViewCellDesportos.swift in Sources */ = {isa = PBXBuildFile; fileRef = 1E0777F322A8363D005ED261 /* TableViewCellDesportos.swift */; };
		1E15FE9B22A70EE400101A9E /* EntityReturnDesportos.swift in Sources */ = {isa = PBXBuildFile; fileRef = 1E15FE9A22A70EE400101A9E /* EntityReturnDesportos.swift */; };
		C51E5F2FE0B10AB58F1BE249 /* Pods_Sportfinder.framework in Frameworks */ = {isa = PBXBuildFile; fileRef = 681AA3C85510C95F609FE8B6 /* Pods_Sportfinder.framework */; };
		EB02070E22AF0E0F004AEBD6 /* Week.swift in Sources */ = {isa = PBXBuildFile; fileRef = EB02070D22AF0E0F004AEBD6 /* Week.swift */; };
		EB2F4AB322B01B3200A860AD /* ContaController.swift in Sources */ = {isa = PBXBuildFile; fileRef = EB2F4AB222B01B3200A860AD /* ContaController.swift */; };
		EB31099622A7F58A005FCFBF /* Sportfinder.xcdatamodeld in Sources */ = {isa = PBXBuildFile; fileRef = EB31099422A7F58A005FCFBF /* Sportfinder.xcdatamodeld */; };
		EB31099E22A7FF24005FCFBF /* Utilizador+CoreDataClass.swift in Sources */ = {isa = PBXBuildFile; fileRef = EB31099C22A7FF24005FCFBF /* Utilizador+CoreDataClass.swift */; };
		EB31099F22A7FF24005FCFBF /* Utilizador+CoreDataProperties.swift in Sources */ = {isa = PBXBuildFile; fileRef = EB31099D22A7FF24005FCFBF /* Utilizador+CoreDataProperties.swift */; };
		EB58500C22A81810006A07B6 /* Reachability.swift in Sources */ = {isa = PBXBuildFile; fileRef = EB58500B22A81810006A07B6 /* Reachability.swift */; };
		EB70ACD422AFFC01002675F0 /* GlobalVariables.swift in Sources */ = {isa = PBXBuildFile; fileRef = EB70ACD322AFFC01002675F0 /* GlobalVariables.swift */; };
		EB7CCF5822A6B4FA005A703A /* RankingController.swift in Sources */ = {isa = PBXBuildFile; fileRef = EB7CCF5722A6B4FA005A703A /* RankingController.swift */; };
		EB7CCF5A22A6D0FD005A703A /* User.swift in Sources */ = {isa = PBXBuildFile; fileRef = EB7CCF5922A6D0FD005A703A /* User.swift */; };
		EB7CCF5E22A6D767005A703A /* MyTableViewCell.swift in Sources */ = {isa = PBXBuildFile; fileRef = EB7CCF5D22A6D767005A703A /* MyTableViewCell.swift */; };
		EBC578BB22A97034007A0293 /* UserProfileDetails.swift in Sources */ = {isa = PBXBuildFile; fileRef = EBC578BA22A97034007A0293 /* UserProfileDetails.swift */; };
		EF281F1522AE8ABC0034FB66 /* Favoritos.storyboard in Resources */ = {isa = PBXBuildFile; fileRef = EF281F1422AE8ABC0034FB66 /* Favoritos.storyboard */; };
		EF281F1722AE8C020034FB66 /* FavoritosTableViewController.swift in Sources */ = {isa = PBXBuildFile; fileRef = EF281F1622AE8C020034FB66 /* FavoritosTableViewController.swift */; };
		EF281F1922AE911F0034FB66 /* EntityLocal.swift in Sources */ = {isa = PBXBuildFile; fileRef = EF281F1822AE911F0034FB66 /* EntityLocal.swift */; };
		EF281F1B22AEA6830034FB66 /* RoundButton.swift in Sources */ = {isa = PBXBuildFile; fileRef = EF281F1A22AEA6830034FB66 /* RoundButton.swift */; };
		EF281F2C22B003820034FB66 /* FavoritosCell+CoreDataProperties.swift in Sources */ = {isa = PBXBuildFile; fileRef = EF281F2A22B003810034FB66 /* FavoritosCell+CoreDataProperties.swift */; };
		EF281F2D22B003820034FB66 /* FavoritosCell+CoreDataClass.swift in Sources */ = {isa = PBXBuildFile; fileRef = EF281F2B22B003820034FB66 /* FavoritosCell+CoreDataClass.swift */; };
		EF281F2F22B02CAE0034FB66 /* EntityLocalJSON.swift in Sources */ = {isa = PBXBuildFile; fileRef = EF281F2E22B02CAE0034FB66 /* EntityLocalJSON.swift */; };
		EF369EE6229EDF1300B6E21A /* AppDelegate.swift in Sources */ = {isa = PBXBuildFile; fileRef = EF369EE5229EDF1300B6E21A /* AppDelegate.swift */; };
		EF369EEB229EDF1300B6E21A /* Main.storyboard in Resources */ = {isa = PBXBuildFile; fileRef = EF369EE9229EDF1300B6E21A /* Main.storyboard */; };
		EF369EED229EDF1400B6E21A /* Assets.xcassets in Resources */ = {isa = PBXBuildFile; fileRef = EF369EEC229EDF1400B6E21A /* Assets.xcassets */; };
		EF369EF0229EDF1400B6E21A /* LaunchScreen.storyboard in Resources */ = {isa = PBXBuildFile; fileRef = EF369EEE229EDF1400B6E21A /* LaunchScreen.storyboard */; };
		EF369EF8229EE3BD00B6E21A /* LoginViewController.swift in Sources */ = {isa = PBXBuildFile; fileRef = EF369EF7229EE3BD00B6E21A /* LoginViewController.swift */; };
		EF369EFB229F1A3700B6E21A /* RoundView.swift in Sources */ = {isa = PBXBuildFile; fileRef = EF369EFA229F1A3700B6E21A /* RoundView.swift */; };
		EF369EFD229F1EEB00B6E21A /* MenuViewController.swift in Sources */ = {isa = PBXBuildFile; fileRef = EF369EFC229F1EEB00B6E21A /* MenuViewController.swift */; };
		EF369EFF229F283400B6E21A /* PesquisarLocal.storyboard in Resources */ = {isa = PBXBuildFile; fileRef = EF369EFE229F283400B6E21A /* PesquisarLocal.storyboard */; };
		EF369F02229F28AB00B6E21A /* SelecionarDesportoViewController.swift in Sources */ = {isa = PBXBuildFile; fileRef = EF369F01229F28AB00B6E21A /* SelecionarDesportoViewController.swift */; };
		EF369F05229F312B00B6E21A /* AdicionarLocal.storyboard in Resources */ = {isa = PBXBuildFile; fileRef = EF369F04229F312B00B6E21A /* AdicionarLocal.storyboard */; };
		EF369F0C229F32CD00B6E21A /* Historico.storyboard in Resources */ = {isa = PBXBuildFile; fileRef = EF369F0B229F32CD00B6E21A /* Historico.storyboard */; };
		EF369F10229F361500B6E21A /* Ranking.storyboard in Resources */ = {isa = PBXBuildFile; fileRef = EF369F0F229F361500B6E21A /* Ranking.storyboard */; };
		EF369F13229F36A000B6E21A /* Conta.storyboard in Resources */ = {isa = PBXBuildFile; fileRef = EF369F12229F36A000B6E21A /* Conta.storyboard */; };
		EFD4847722AAC200008752BF /* RoundImage.swift in Sources */ = {isa = PBXBuildFile; fileRef = EFD4847622AAC200008752BF /* RoundImage.swift */; };
		EFFD424022A80ED600AB22AD /* FavoritosTableViewCell.swift in Sources */ = {isa = PBXBuildFile; fileRef = EFFD423F22A80ED600AB22AD /* FavoritosTableViewCell.swift */; };
/* End PBXBuildFile section */

/* Begin PBXFileReference section */
		1E05940322A0448F00ACAD9E /* GoogleService-Info.plist */ = {isa = PBXFileReference; fileEncoding = 4; lastKnownFileType = text.plist.xml; path = "GoogleService-Info.plist"; sourceTree = "<group>"; };
		1E0777F322A8363D005ED261 /* TableViewCellDesportos.swift */ = {isa = PBXFileReference; lastKnownFileType = sourcecode.swift; path = TableViewCellDesportos.swift; sourceTree = "<group>"; };
		1E15FE9A22A70EE400101A9E /* EntityReturnDesportos.swift */ = {isa = PBXFileReference; lastKnownFileType = sourcecode.swift; path = EntityReturnDesportos.swift; sourceTree = "<group>"; };
		2FB903156D2A27674691B110 /* Pods-Sportfinder.release.xcconfig */ = {isa = PBXFileReference; includeInIndex = 1; lastKnownFileType = text.xcconfig; name = "Pods-Sportfinder.release.xcconfig"; path = "Target Support Files/Pods-Sportfinder/Pods-Sportfinder.release.xcconfig"; sourceTree = "<group>"; };
		681AA3C85510C95F609FE8B6 /* Pods_Sportfinder.framework */ = {isa = PBXFileReference; explicitFileType = wrapper.framework; includeInIndex = 0; path = Pods_Sportfinder.framework; sourceTree = BUILT_PRODUCTS_DIR; };
		EB02070D22AF0E0F004AEBD6 /* Week.swift */ = {isa = PBXFileReference; lastKnownFileType = sourcecode.swift; path = Week.swift; sourceTree = "<group>"; };
		EB2F4AB222B01B3200A860AD /* ContaController.swift */ = {isa = PBXFileReference; lastKnownFileType = sourcecode.swift; path = ContaController.swift; sourceTree = "<group>"; };
		EB31099522A7F58A005FCFBF /* Sportfinder.xcdatamodel */ = {isa = PBXFileReference; lastKnownFileType = wrapper.xcdatamodel; path = Sportfinder.xcdatamodel; sourceTree = "<group>"; };
		EB31099C22A7FF24005FCFBF /* Utilizador+CoreDataClass.swift */ = {isa = PBXFileReference; lastKnownFileType = sourcecode.swift; path = "Utilizador+CoreDataClass.swift"; sourceTree = "<group>"; };
		EB31099D22A7FF24005FCFBF /* Utilizador+CoreDataProperties.swift */ = {isa = PBXFileReference; lastKnownFileType = sourcecode.swift; path = "Utilizador+CoreDataProperties.swift"; sourceTree = "<group>"; };
		EB58500B22A81810006A07B6 /* Reachability.swift */ = {isa = PBXFileReference; lastKnownFileType = sourcecode.swift; path = Reachability.swift; sourceTree = "<group>"; };
		EB70ACD322AFFC01002675F0 /* GlobalVariables.swift */ = {isa = PBXFileReference; lastKnownFileType = sourcecode.swift; path = GlobalVariables.swift; sourceTree = "<group>"; };
		EB7CCF5722A6B4FA005A703A /* RankingController.swift */ = {isa = PBXFileReference; lastKnownFileType = sourcecode.swift; path = RankingController.swift; sourceTree = "<group>"; };
		EB7CCF5922A6D0FD005A703A /* User.swift */ = {isa = PBXFileReference; lastKnownFileType = sourcecode.swift; path = User.swift; sourceTree = "<group>"; };
		EB7CCF5D22A6D767005A703A /* MyTableViewCell.swift */ = {isa = PBXFileReference; lastKnownFileType = sourcecode.swift; path = MyTableViewCell.swift; sourceTree = "<group>"; };
		EBC578BA22A97034007A0293 /* UserProfileDetails.swift */ = {isa = PBXFileReference; lastKnownFileType = sourcecode.swift; path = UserProfileDetails.swift; sourceTree = "<group>"; };
		EF281F1422AE8ABC0034FB66 /* Favoritos.storyboard */ = {isa = PBXFileReference; lastKnownFileType = file.storyboard; path = Favoritos.storyboard; sourceTree = "<group>"; };
		EF281F1622AE8C020034FB66 /* FavoritosTableViewController.swift */ = {isa = PBXFileReference; lastKnownFileType = sourcecode.swift; path = FavoritosTableViewController.swift; sourceTree = "<group>"; };
		EF281F1822AE911F0034FB66 /* EntityLocal.swift */ = {isa = PBXFileReference; lastKnownFileType = sourcecode.swift; path = EntityLocal.swift; sourceTree = "<group>"; };
		EF281F1A22AEA6830034FB66 /* RoundButton.swift */ = {isa = PBXFileReference; lastKnownFileType = sourcecode.swift; path = RoundButton.swift; sourceTree = "<group>"; };
		EF281F2A22B003810034FB66 /* FavoritosCell+CoreDataProperties.swift */ = {isa = PBXFileReference; lastKnownFileType = sourcecode.swift; name = "FavoritosCell+CoreDataProperties.swift"; path = "Sportfinder/FavoritosCell+CoreDataProperties.swift"; sourceTree = "<absolute>"; };
		EF281F2B22B003820034FB66 /* FavoritosCell+CoreDataClass.swift */ = {isa = PBXFileReference; lastKnownFileType = sourcecode.swift; name = "FavoritosCell+CoreDataClass.swift"; path = "Sportfinder/FavoritosCell+CoreDataClass.swift"; sourceTree = "<absolute>"; };
		EF281F2E22B02CAE0034FB66 /* EntityLocalJSON.swift */ = {isa = PBXFileReference; lastKnownFileType = sourcecode.swift; path = EntityLocalJSON.swift; sourceTree = "<group>"; };
		EF369EE2229EDF1300B6E21A /* Sportfinder.app */ = {isa = PBXFileReference; explicitFileType = wrapper.application; includeInIndex = 0; path = Sportfinder.app; sourceTree = BUILT_PRODUCTS_DIR; };
		EF369EE5229EDF1300B6E21A /* AppDelegate.swift */ = {isa = PBXFileReference; lastKnownFileType = sourcecode.swift; path = AppDelegate.swift; sourceTree = "<group>"; };
		EF369EEA229EDF1300B6E21A /* Base */ = {isa = PBXFileReference; lastKnownFileType = file.storyboard; name = Base; path = Base.lproj/Main.storyboard; sourceTree = "<group>"; };
		EF369EEC229EDF1400B6E21A /* Assets.xcassets */ = {isa = PBXFileReference; lastKnownFileType = folder.assetcatalog; path = Assets.xcassets; sourceTree = "<group>"; };
		EF369EEF229EDF1400B6E21A /* Base */ = {isa = PBXFileReference; lastKnownFileType = file.storyboard; name = Base; path = Base.lproj/LaunchScreen.storyboard; sourceTree = "<group>"; };
		EF369EF1229EDF1400B6E21A /* Info.plist */ = {isa = PBXFileReference; lastKnownFileType = text.plist.xml; path = Info.plist; sourceTree = "<group>"; };
		EF369EF7229EE3BD00B6E21A /* LoginViewController.swift */ = {isa = PBXFileReference; lastKnownFileType = sourcecode.swift; path = LoginViewController.swift; sourceTree = "<group>"; };
		EF369EFA229F1A3700B6E21A /* RoundView.swift */ = {isa = PBXFileReference; lastKnownFileType = sourcecode.swift; path = RoundView.swift; sourceTree = "<group>"; };
		EF369EFC229F1EEB00B6E21A /* MenuViewController.swift */ = {isa = PBXFileReference; lastKnownFileType = sourcecode.swift; path = MenuViewController.swift; sourceTree = "<group>"; };
		EF369EFE229F283400B6E21A /* PesquisarLocal.storyboard */ = {isa = PBXFileReference; lastKnownFileType = file.storyboard; path = PesquisarLocal.storyboard; sourceTree = "<group>"; };
		EF369F01229F28AB00B6E21A /* SelecionarDesportoViewController.swift */ = {isa = PBXFileReference; lastKnownFileType = sourcecode.swift; path = SelecionarDesportoViewController.swift; sourceTree = "<group>"; };
		EF369F04229F312B00B6E21A /* AdicionarLocal.storyboard */ = {isa = PBXFileReference; lastKnownFileType = file.storyboard; path = AdicionarLocal.storyboard; sourceTree = "<group>"; };
		EF369F0B229F32CD00B6E21A /* Historico.storyboard */ = {isa = PBXFileReference; lastKnownFileType = file.storyboard; path = Historico.storyboard; sourceTree = "<group>"; };
		EF369F0F229F361500B6E21A /* Ranking.storyboard */ = {isa = PBXFileReference; lastKnownFileType = file.storyboard; path = Ranking.storyboard; sourceTree = "<group>"; };
		EF369F12229F36A000B6E21A /* Conta.storyboard */ = {isa = PBXFileReference; lastKnownFileType = file.storyboard; path = Conta.storyboard; sourceTree = "<group>"; };
		EFD4847622AAC200008752BF /* RoundImage.swift */ = {isa = PBXFileReference; lastKnownFileType = sourcecode.swift; path = RoundImage.swift; sourceTree = "<group>"; };
		EFFD423F22A80ED600AB22AD /* FavoritosTableViewCell.swift */ = {isa = PBXFileReference; lastKnownFileType = sourcecode.swift; path = FavoritosTableViewCell.swift; sourceTree = "<group>"; };
		F320DB29CF4022CA45CF2150 /* Pods-Sportfinder.debug.xcconfig */ = {isa = PBXFileReference; includeInIndex = 1; lastKnownFileType = text.xcconfig; name = "Pods-Sportfinder.debug.xcconfig"; path = "Target Support Files/Pods-Sportfinder/Pods-Sportfinder.debug.xcconfig"; sourceTree = "<group>"; };
/* End PBXFileReference section */

/* Begin PBXFrameworksBuildPhase section */
		EF369EDF229EDF1300B6E21A /* Frameworks */ = {
			isa = PBXFrameworksBuildPhase;
			buildActionMask = 2147483647;
			files = (
				C51E5F2FE0B10AB58F1BE249 /* Pods_Sportfinder.framework in Frameworks */,
			);
			runOnlyForDeploymentPostprocessing = 0;
		};
/* End PBXFrameworksBuildPhase section */

/* Begin PBXGroup section */
		4734F9E76D832FD1D9B7F072 /* Frameworks */ = {
			isa = PBXGroup;
			children = (
				681AA3C85510C95F609FE8B6 /* Pods_Sportfinder.framework */,
			);
			name = Frameworks;
			sourceTree = "<group>";
		};
		EB31099B22A7F756005FCFBF /* CoreDataUser */ = {
			isa = PBXGroup;
			children = (
				EF281F2B22B003820034FB66 /* FavoritosCell+CoreDataClass.swift */,
				EF281F2A22B003810034FB66 /* FavoritosCell+CoreDataProperties.swift */,
				EB31099C22A7FF24005FCFBF /* Utilizador+CoreDataClass.swift */,
				EB31099D22A7FF24005FCFBF /* Utilizador+CoreDataProperties.swift */,
			);
			name = CoreDataUser;
			sourceTree = "<group>";
		};
		EB4B99A34BB8EF825E9CDF6F /* Pods */ = {
			isa = PBXGroup;
			children = (
				F320DB29CF4022CA45CF2150 /* Pods-Sportfinder.debug.xcconfig */,
				2FB903156D2A27674691B110 /* Pods-Sportfinder.release.xcconfig */,
			);
			path = Pods;
			sourceTree = "<group>";
		};
		EF369ED9229EDF1300B6E21A = {
			isa = PBXGroup;
			children = (
				1E05940322A0448F00ACAD9E /* GoogleService-Info.plist */,
				EF369EE4229EDF1300B6E21A /* Sportfinder */,
				EF369EE3229EDF1300B6E21A /* Products */,
				EB4B99A34BB8EF825E9CDF6F /* Pods */,
				4734F9E76D832FD1D9B7F072 /* Frameworks */,
			);
			sourceTree = "<group>";
		};
		EF369EE3229EDF1300B6E21A /* Products */ = {
			isa = PBXGroup;
			children = (
				EF369EE2229EDF1300B6E21A /* Sportfinder.app */,
			);
			name = Products;
			sourceTree = "<group>";
		};
		EF369EE4229EDF1300B6E21A /* Sportfinder */ = {
			isa = PBXGroup;
			children = (
				EF369EF9229F1A1500B6E21A /* CustomClass */,
				EB31099B22A7F756005FCFBF /* CoreDataUser */,
				EF369EE5229EDF1300B6E21A /* AppDelegate.swift */,
				EF369EE9229EDF1300B6E21A /* Main.storyboard */,
				EB58500B22A81810006A07B6 /* Reachability.swift */,
				EB31099422A7F58A005FCFBF /* Sportfinder.xcdatamodeld */,
				EF369EEE229EDF1400B6E21A /* LaunchScreen.storyboard */,
				EF369EF1229EDF1400B6E21A /* Info.plist */,
				EF369EEC229EDF1400B6E21A /* Assets.xcassets */,
				EB70ACD322AFFC01002675F0 /* GlobalVariables.swift */,
				EF369F0D229F34E100B6E21A /* MainStoryboardControllers */,
				EF369F00229F288500B6E21A /* PesquisarLocal */,
				EF369F03229F310200B6E21A /* AdicionarLocal */,
				EF369F07229F320F00B6E21A /* Favoritos */,
				EF369F0A229F32B900B6E21A /* Historico */,
				EF369F0E229F355300B6E21A /* Ranking */,
				EF369F11229F368C00B6E21A /* Conta */,
			);
			path = Sportfinder;
			sourceTree = "<group>";
		};
		EF369EF9229F1A1500B6E21A /* CustomClass */ = {
			isa = PBXGroup;
			children = (
				EF369EFA229F1A3700B6E21A /* RoundView.swift */,
				EFD4847622AAC200008752BF /* RoundImage.swift */,
				EF281F1A22AEA6830034FB66 /* RoundButton.swift */,
			);
			path = CustomClass;
			sourceTree = "<group>";
		};
		EF369F00229F288500B6E21A /* PesquisarLocal */ = {
			isa = PBXGroup;
			children = (
				EF369EFE229F283400B6E21A /* PesquisarLocal.storyboard */,
				EF369F01229F28AB00B6E21A /* SelecionarDesportoViewController.swift */,
				1E15FE9A22A70EE400101A9E /* EntityReturnDesportos.swift */,
				1E0777F322A8363D005ED261 /* TableViewCellDesportos.swift */,
			);
			name = PesquisarLocal;
			sourceTree = "<group>";
		};
		EF369F03229F310200B6E21A /* AdicionarLocal */ = {
			isa = PBXGroup;
			children = (
				EF369F04229F312B00B6E21A /* AdicionarLocal.storyboard */,
			);
			name = AdicionarLocal;
			sourceTree = "<group>";
		};
		EF369F07229F320F00B6E21A /* Favoritos */ = {
			isa = PBXGroup;
			children = (
				EF281F1422AE8ABC0034FB66 /* Favoritos.storyboard */,
				EFFD423F22A80ED600AB22AD /* FavoritosTableViewCell.swift */,
				EF281F1622AE8C020034FB66 /* FavoritosTableViewController.swift */,
				EF281F1822AE911F0034FB66 /* EntityLocal.swift */,
				EF281F2E22B02CAE0034FB66 /* EntityLocalJSON.swift */,
			);
			name = Favoritos;
			sourceTree = "<group>";
		};
		EF369F0A229F32B900B6E21A /* Historico */ = {
			isa = PBXGroup;
			children = (
				EF369F0B229F32CD00B6E21A /* Historico.storyboard */,
			);
			name = Historico;
			sourceTree = "<group>";
		};
		EF369F0D229F34E100B6E21A /* MainStoryboardControllers */ = {
			isa = PBXGroup;
			children = (
				EF369EF7229EE3BD00B6E21A /* LoginViewController.swift */,
				EF369EFC229F1EEB00B6E21A /* MenuViewController.swift */,
			);
			name = MainStoryboardControllers;
			sourceTree = "<group>";
		};
		EF369F0E229F355300B6E21A /* Ranking */ = {
			isa = PBXGroup;
			children = (
				EF369F0F229F361500B6E21A /* Ranking.storyboard */,
				EB7CCF5722A6B4FA005A703A /* RankingController.swift */,
				EB7CCF5D22A6D767005A703A /* MyTableViewCell.swift */,
				EBC578BA22A97034007A0293 /* UserProfileDetails.swift */,
				EB7CCF5922A6D0FD005A703A /* User.swift */,
				EB02070D22AF0E0F004AEBD6 /* Week.swift */,
			);
			name = Ranking;
			sourceTree = "<group>";
		};
		EF369F11229F368C00B6E21A /* Conta */ = {
			isa = PBXGroup;
			children = (
				EF369F12229F36A000B6E21A /* Conta.storyboard */,
				EB2F4AB222B01B3200A860AD /* ContaController.swift */,
			);
			name = Conta;
			sourceTree = "<group>";
		};
/* End PBXGroup section */

/* Begin PBXNativeTarget section */
		EF369EE1229EDF1300B6E21A /* Sportfinder */ = {
			isa = PBXNativeTarget;
			buildConfigurationList = EF369EF4229EDF1400B6E21A /* Build configuration list for PBXNativeTarget "Sportfinder" */;
			buildPhases = (
				849053D92F74C5942DF98B25 /* [CP] Check Pods Manifest.lock */,
				EF369EDE229EDF1300B6E21A /* Sources */,
				EF369EDF229EDF1300B6E21A /* Frameworks */,
				EF369EE0229EDF1300B6E21A /* Resources */,
				B3FD214EB3127886B1B9DEC6 /* [CP] Embed Pods Frameworks */,
			);
			buildRules = (
			);
			dependencies = (
			);
			name = Sportfinder;
			productName = Sportfinder;
			productReference = EF369EE2229EDF1300B6E21A /* Sportfinder.app */;
			productType = "com.apple.product-type.application";
		};
/* End PBXNativeTarget section */

/* Begin PBXProject section */
		EF369EDA229EDF1300B6E21A /* Project object */ = {
			isa = PBXProject;
			attributes = {
				LastSwiftUpdateCheck = 1020;
				LastUpgradeCheck = 1020;
				ORGANIZATIONNAME = ipvc.estg;
				TargetAttributes = {
					EF369EE1229EDF1300B6E21A = {
						CreatedOnToolsVersion = 10.2.1;
					};
				};
			};
			buildConfigurationList = EF369EDD229EDF1300B6E21A /* Build configuration list for PBXProject "Sportfinder" */;
			compatibilityVersion = "Xcode 9.3";
			developmentRegion = en;
			hasScannedForEncodings = 0;
			knownRegions = (
				en,
				Base,
			);
			mainGroup = EF369ED9229EDF1300B6E21A;
			productRefGroup = EF369EE3229EDF1300B6E21A /* Products */;
			projectDirPath = "";
			projectRoot = "";
			targets = (
				EF369EE1229EDF1300B6E21A /* Sportfinder */,
			);
		};
/* End PBXProject section */

/* Begin PBXResourcesBuildPhase section */
		EF369EE0229EDF1300B6E21A /* Resources */ = {
			isa = PBXResourcesBuildPhase;
			buildActionMask = 2147483647;
			files = (
				EF369EFF229F283400B6E21A /* PesquisarLocal.storyboard in Resources */,
				EF369F05229F312B00B6E21A /* AdicionarLocal.storyboard in Resources */,
				EF369EF0229EDF1400B6E21A /* LaunchScreen.storyboard in Resources */,
				EF369F13229F36A000B6E21A /* Conta.storyboard in Resources */,
				EF369F10229F361500B6E21A /* Ranking.storyboard in Resources */,
				EF369EED229EDF1400B6E21A /* Assets.xcassets in Resources */,
				1E05940422A0448F00ACAD9E /* GoogleService-Info.plist in Resources */,
				EF369EEB229EDF1300B6E21A /* Main.storyboard in Resources */,
				EF281F1522AE8ABC0034FB66 /* Favoritos.storyboard in Resources */,
				EF369F0C229F32CD00B6E21A /* Historico.storyboard in Resources */,
			);
			runOnlyForDeploymentPostprocessing = 0;
		};
/* End PBXResourcesBuildPhase section */

/* Begin PBXShellScriptBuildPhase section */
		849053D92F74C5942DF98B25 /* [CP] Check Pods Manifest.lock */ = {
			isa = PBXShellScriptBuildPhase;
			buildActionMask = 2147483647;
			files = (
			);
			inputFileListPaths = (
			);
			inputPaths = (
				"${PODS_PODFILE_DIR_PATH}/Podfile.lock",
				"${PODS_ROOT}/Manifest.lock",
			);
			name = "[CP] Check Pods Manifest.lock";
			outputFileListPaths = (
			);
			outputPaths = (
				"$(DERIVED_FILE_DIR)/Pods-Sportfinder-checkManifestLockResult.txt",
			);
			runOnlyForDeploymentPostprocessing = 0;
			shellPath = /bin/sh;
			shellScript = "diff \"${PODS_PODFILE_DIR_PATH}/Podfile.lock\" \"${PODS_ROOT}/Manifest.lock\" > /dev/null\nif [ $? != 0 ] ; then\n    # print error to STDERR\n    echo \"error: The sandbox is not in sync with the Podfile.lock. Run 'pod install' or update your CocoaPods installation.\" >&2\n    exit 1\nfi\n# This output is used by Xcode 'outputs' to avoid re-running this script phase.\necho \"SUCCESS\" > \"${SCRIPT_OUTPUT_FILE_0}\"\n";
			showEnvVarsInLog = 0;
		};
		B3FD214EB3127886B1B9DEC6 /* [CP] Embed Pods Frameworks */ = {
			isa = PBXShellScriptBuildPhase;
			buildActionMask = 2147483647;
			files = (
			);
			inputFileListPaths = (
				"${PODS_ROOT}/Target Support Files/Pods-Sportfinder/Pods-Sportfinder-frameworks-${CONFIGURATION}-input-files.xcfilelist",
			);
			name = "[CP] Embed Pods Frameworks";
			outputFileListPaths = (
				"${PODS_ROOT}/Target Support Files/Pods-Sportfinder/Pods-Sportfinder-frameworks-${CONFIGURATION}-output-files.xcfilelist",
			);
			runOnlyForDeploymentPostprocessing = 0;
			shellPath = /bin/sh;
			shellScript = "\"${PODS_ROOT}/Target Support Files/Pods-Sportfinder/Pods-Sportfinder-frameworks.sh\"\n";
			showEnvVarsInLog = 0;
		};
/* End PBXShellScriptBuildPhase section */

/* Begin PBXSourcesBuildPhase section */
		EF369EDE229EDF1300B6E21A /* Sources */ = {
			isa = PBXSourcesBuildPhase;
			buildActionMask = 2147483647;
			files = (
				EF369EFB229F1A3700B6E21A /* RoundView.swift in Sources */,
				EB70ACD422AFFC01002675F0 /* GlobalVariables.swift in Sources */,
				EB02070E22AF0E0F004AEBD6 /* Week.swift in Sources */,
				EB31099622A7F58A005FCFBF /* Sportfinder.xcdatamodeld in Sources */,
				EB58500C22A81810006A07B6 /* Reachability.swift in Sources */,
				EB7CCF5E22A6D767005A703A /* MyTableViewCell.swift in Sources */,
				EF281F1B22AEA6830034FB66 /* RoundButton.swift in Sources */,
				EF369F02229F28AB00B6E21A /* SelecionarDesportoViewController.swift in Sources */,
				EF281F1722AE8C020034FB66 /* FavoritosTableViewController.swift in Sources */,
				EB31099E22A7FF24005FCFBF /* Utilizador+CoreDataClass.swift in Sources */,
				EF281F2F22B02CAE0034FB66 /* EntityLocalJSON.swift in Sources */,
				EF369EF8229EE3BD00B6E21A /* LoginViewController.swift in Sources */,
				EF281F2C22B003820034FB66 /* FavoritosCell+CoreDataProperties.swift in Sources */,
				1E0777F422A8363D005ED261 /* TableViewCellDesportos.swift in Sources */,
				EF281F1922AE911F0034FB66 /* EntityLocal.swift in Sources */,
				EFFD424022A80ED600AB22AD /* FavoritosTableViewCell.swift in Sources */,
				EF369EE6229EDF1300B6E21A /* AppDelegate.swift in Sources */,
				EB2F4AB322B01B3200A860AD /* ContaController.swift in Sources */,
				EBC578BB22A97034007A0293 /* UserProfileDetails.swift in Sources */,
				EB7CCF5822A6B4FA005A703A /* RankingController.swift in Sources */,
				EFD4847722AAC200008752BF /* RoundImage.swift in Sources */,
				EB31099F22A7FF24005FCFBF /* Utilizador+CoreDataProperties.swift in Sources */,
				EF281F2D22B003820034FB66 /* FavoritosCell+CoreDataClass.swift in Sources */,
				1E15FE9B22A70EE400101A9E /* EntityReturnDesportos.swift in Sources */,
				EF369EFD229F1EEB00B6E21A /* MenuViewController.swift in Sources */,
				EB7CCF5A22A6D0FD005A703A /* User.swift in Sources */,
			);
			runOnlyForDeploymentPostprocessing = 0;
		};
/* End PBXSourcesBuildPhase section */

/* Begin PBXVariantGroup section */
		EF369EE9229EDF1300B6E21A /* Main.storyboard */ = {
			isa = PBXVariantGroup;
			children = (
				EF369EEA229EDF1300B6E21A /* Base */,
			);
			name = Main.storyboard;
			sourceTree = "<group>";
		};
		EF369EEE229EDF1400B6E21A /* LaunchScreen.storyboard */ = {
			isa = PBXVariantGroup;
			children = (
				EF369EEF229EDF1400B6E21A /* Base */,
			);
			name = LaunchScreen.storyboard;
			sourceTree = "<group>";
		};
/* End PBXVariantGroup section */

/* Begin XCBuildConfiguration section */
		EF369EF2229EDF1400B6E21A /* Debug */ = {
			isa = XCBuildConfiguration;
			buildSettings = {
				ALWAYS_SEARCH_USER_PATHS = NO;
				CLANG_ANALYZER_NONNULL = YES;
				CLANG_ANALYZER_NUMBER_OBJECT_CONVERSION = YES_AGGRESSIVE;
				CLANG_CXX_LANGUAGE_STANDARD = "gnu++14";
				CLANG_CXX_LIBRARY = "libc++";
				CLANG_ENABLE_MODULES = YES;
				CLANG_ENABLE_OBJC_ARC = YES;
				CLANG_ENABLE_OBJC_WEAK = YES;
				CLANG_WARN_BLOCK_CAPTURE_AUTORELEASING = YES;
				CLANG_WARN_BOOL_CONVERSION = YES;
				CLANG_WARN_COMMA = YES;
				CLANG_WARN_CONSTANT_CONVERSION = YES;
				CLANG_WARN_DEPRECATED_OBJC_IMPLEMENTATIONS = YES;
				CLANG_WARN_DIRECT_OBJC_ISA_USAGE = YES_ERROR;
				CLANG_WARN_DOCUMENTATION_COMMENTS = YES;
				CLANG_WARN_EMPTY_BODY = YES;
				CLANG_WARN_ENUM_CONVERSION = YES;
				CLANG_WARN_INFINITE_RECURSION = YES;
				CLANG_WARN_INT_CONVERSION = YES;
				CLANG_WARN_NON_LITERAL_NULL_CONVERSION = YES;
				CLANG_WARN_OBJC_IMPLICIT_RETAIN_SELF = YES;
				CLANG_WARN_OBJC_LITERAL_CONVERSION = YES;
				CLANG_WARN_OBJC_ROOT_CLASS = YES_ERROR;
				CLANG_WARN_RANGE_LOOP_ANALYSIS = YES;
				CLANG_WARN_STRICT_PROTOTYPES = YES;
				CLANG_WARN_SUSPICIOUS_MOVE = YES;
				CLANG_WARN_UNGUARDED_AVAILABILITY = YES_AGGRESSIVE;
				CLANG_WARN_UNREACHABLE_CODE = YES;
				CLANG_WARN__DUPLICATE_METHOD_MATCH = YES;
				CODE_SIGN_IDENTITY = "iPhone Developer";
				COPY_PHASE_STRIP = NO;
				DEBUG_INFORMATION_FORMAT = dwarf;
				ENABLE_STRICT_OBJC_MSGSEND = YES;
				ENABLE_TESTABILITY = YES;
				GCC_C_LANGUAGE_STANDARD = gnu11;
				GCC_DYNAMIC_NO_PIC = NO;
				GCC_NO_COMMON_BLOCKS = YES;
				GCC_OPTIMIZATION_LEVEL = 0;
				GCC_PREPROCESSOR_DEFINITIONS = (
					"DEBUG=1",
					"$(inherited)",
				);
				GCC_WARN_64_TO_32_BIT_CONVERSION = YES;
				GCC_WARN_ABOUT_RETURN_TYPE = YES_ERROR;
				GCC_WARN_UNDECLARED_SELECTOR = YES;
				GCC_WARN_UNINITIALIZED_AUTOS = YES_AGGRESSIVE;
				GCC_WARN_UNUSED_FUNCTION = YES;
				GCC_WARN_UNUSED_VARIABLE = YES;
				IPHONEOS_DEPLOYMENT_TARGET = 12.2;
				MTL_ENABLE_DEBUG_INFO = INCLUDE_SOURCE;
				MTL_FAST_MATH = YES;
				ONLY_ACTIVE_ARCH = YES;
				SDKROOT = iphoneos;
				SWIFT_ACTIVE_COMPILATION_CONDITIONS = DEBUG;
				SWIFT_OPTIMIZATION_LEVEL = "-Onone";
			};
			name = Debug;
		};
		EF369EF3229EDF1400B6E21A /* Release */ = {
			isa = XCBuildConfiguration;
			buildSettings = {
				ALWAYS_SEARCH_USER_PATHS = NO;
				CLANG_ANALYZER_NONNULL = YES;
				CLANG_ANALYZER_NUMBER_OBJECT_CONVERSION = YES_AGGRESSIVE;
				CLANG_CXX_LANGUAGE_STANDARD = "gnu++14";
				CLANG_CXX_LIBRARY = "libc++";
				CLANG_ENABLE_MODULES = YES;
				CLANG_ENABLE_OBJC_ARC = YES;
				CLANG_ENABLE_OBJC_WEAK = YES;
				CLANG_WARN_BLOCK_CAPTURE_AUTORELEASING = YES;
				CLANG_WARN_BOOL_CONVERSION = YES;
				CLANG_WARN_COMMA = YES;
				CLANG_WARN_CONSTANT_CONVERSION = YES;
				CLANG_WARN_DEPRECATED_OBJC_IMPLEMENTATIONS = YES;
				CLANG_WARN_DIRECT_OBJC_ISA_USAGE = YES_ERROR;
				CLANG_WARN_DOCUMENTATION_COMMENTS = YES;
				CLANG_WARN_EMPTY_BODY = YES;
				CLANG_WARN_ENUM_CONVERSION = YES;
				CLANG_WARN_INFINITE_RECURSION = YES;
				CLANG_WARN_INT_CONVERSION = YES;
				CLANG_WARN_NON_LITERAL_NULL_CONVERSION = YES;
				CLANG_WARN_OBJC_IMPLICIT_RETAIN_SELF = YES;
				CLANG_WARN_OBJC_LITERAL_CONVERSION = YES;
				CLANG_WARN_OBJC_ROOT_CLASS = YES_ERROR;
				CLANG_WARN_RANGE_LOOP_ANALYSIS = YES;
				CLANG_WARN_STRICT_PROTOTYPES = YES;
				CLANG_WARN_SUSPICIOUS_MOVE = YES;
				CLANG_WARN_UNGUARDED_AVAILABILITY = YES_AGGRESSIVE;
				CLANG_WARN_UNREACHABLE_CODE = YES;
				CLANG_WARN__DUPLICATE_METHOD_MATCH = YES;
				CODE_SIGN_IDENTITY = "iPhone Developer";
				COPY_PHASE_STRIP = NO;
				DEBUG_INFORMATION_FORMAT = "dwarf-with-dsym";
				ENABLE_NS_ASSERTIONS = NO;
				ENABLE_STRICT_OBJC_MSGSEND = YES;
				GCC_C_LANGUAGE_STANDARD = gnu11;
				GCC_NO_COMMON_BLOCKS = YES;
				GCC_WARN_64_TO_32_BIT_CONVERSION = YES;
				GCC_WARN_ABOUT_RETURN_TYPE = YES_ERROR;
				GCC_WARN_UNDECLARED_SELECTOR = YES;
				GCC_WARN_UNINITIALIZED_AUTOS = YES_AGGRESSIVE;
				GCC_WARN_UNUSED_FUNCTION = YES;
				GCC_WARN_UNUSED_VARIABLE = YES;
				IPHONEOS_DEPLOYMENT_TARGET = 12.2;
				MTL_ENABLE_DEBUG_INFO = NO;
				MTL_FAST_MATH = YES;
				SDKROOT = iphoneos;
				SWIFT_COMPILATION_MODE = wholemodule;
				SWIFT_OPTIMIZATION_LEVEL = "-O";
				VALIDATE_PRODUCT = YES;
			};
			name = Release;
		};
		EF369EF5229EDF1400B6E21A /* Debug */ = {
			isa = XCBuildConfiguration;
			baseConfigurationReference = F320DB29CF4022CA45CF2150 /* Pods-Sportfinder.debug.xcconfig */;
			buildSettings = {
				ASSETCATALOG_COMPILER_APPICON_NAME = AppIcon;
				CODE_SIGN_IDENTITY = "iPhone Developer";
				CODE_SIGN_STYLE = Automatic;
				DEVELOPMENT_TEAM = "";
				INFOPLIST_FILE = Sportfinder/Info.plist;
				LD_RUNPATH_SEARCH_PATHS = (
					"$(inherited)",
					"@executable_path/Frameworks",
				);
				PRODUCT_BUNDLE_IDENTIFIER = ipvc.estg.Sportfinder;
				PRODUCT_NAME = "$(TARGET_NAME)";
				PROVISIONING_PROFILE_SPECIFIER = "";
				SWIFT_VERSION = 5.0;
				TARGETED_DEVICE_FAMILY = 1;
			};
			name = Debug;
		};
		EF369EF6229EDF1400B6E21A /* Release */ = {
			isa = XCBuildConfiguration;
			baseConfigurationReference = 2FB903156D2A27674691B110 /* Pods-Sportfinder.release.xcconfig */;
			buildSettings = {
				ASSETCATALOG_COMPILER_APPICON_NAME = AppIcon;
				CODE_SIGN_IDENTITY = "iPhone Developer";
				CODE_SIGN_STYLE = Automatic;
				DEVELOPMENT_TEAM = "";
				INFOPLIST_FILE = Sportfinder/Info.plist;
				LD_RUNPATH_SEARCH_PATHS = (
					"$(inherited)",
					"@executable_path/Frameworks",
				);
				PRODUCT_BUNDLE_IDENTIFIER = ipvc.estg.Sportfinder;
				PRODUCT_NAME = "$(TARGET_NAME)";
				PROVISIONING_PROFILE_SPECIFIER = "";
				SWIFT_VERSION = 5.0;
				TARGETED_DEVICE_FAMILY = 1;
			};
			name = Release;
		};
/* End XCBuildConfiguration section */

/* Begin XCConfigurationList section */
		EF369EDD229EDF1300B6E21A /* Build configuration list for PBXProject "Sportfinder" */ = {
			isa = XCConfigurationList;
			buildConfigurations = (
				EF369EF2229EDF1400B6E21A /* Debug */,
				EF369EF3229EDF1400B6E21A /* Release */,
			);
			defaultConfigurationIsVisible = 0;
			defaultConfigurationName = Release;
		};
		EF369EF4229EDF1400B6E21A /* Build configuration list for PBXNativeTarget "Sportfinder" */ = {
			isa = XCConfigurationList;
			buildConfigurations = (
				EF369EF5229EDF1400B6E21A /* Debug */,
				EF369EF6229EDF1400B6E21A /* Release */,
			);
			defaultConfigurationIsVisible = 0;
			defaultConfigurationName = Release;
		};
/* End XCConfigurationList section */

/* Begin XCVersionGroup section */
		EB31099422A7F58A005FCFBF /* Sportfinder.xcdatamodeld */ = {
			isa = XCVersionGroup;
			children = (
				EB31099522A7F58A005FCFBF /* Sportfinder.xcdatamodel */,
			);
			currentVersion = EB31099522A7F58A005FCFBF /* Sportfinder.xcdatamodel */;
			path = Sportfinder.xcdatamodeld;
			sourceTree = "<group>";
			versionGroupType = wrapper.xcdatamodel;
		};
/* End XCVersionGroup section */
	};
	rootObject = EF369EDA229EDF1300B6E21A /* Project object */;
}
